
Microsoft Visual Studio Solution File, Format Version 12.00
# Visual Studio Version 17
VisualStudioVersion = 17.6.33829.357
MinimumVisualStudioVersion = 10.0.40219.1
Project("{FAE04EC0-301F-11D3-BF4B-00C04F79EFBC}") = "RAB_NestedFamilyTest", "RAB_NestedFamilyTest\RAB_NestedFamilyTest.csproj", "{B1605E44-00D5-4038-B6EF-3311ACDB957C}"
EndProject
Global
	GlobalSection(SolutionConfigurationPlatforms) = preSolution
		2021Debug|Any CPU = 2021Debug|Any CPU
		2021Release|Any CPU = 2021Release|Any CPU
		2022Debug|Any CPU = 2022Debug|Any CPU
		2022Release|Any CPU = 2022Release|Any CPU
		2023Debug|Any CPU = 2023Debug|Any CPU
		2023Release|Any CPU = 2023Release|Any CPU
		2024Debug|Any CPU = 2024Debug|Any CPU
		2024Release|Any CPU = 2024Release|Any CPU
	EndGlobalSection
	GlobalSection(ProjectConfigurationPlatforms) = postSolution
		{B1605E44-00D5-4038-B6EF-3311ACDB957C}.2021Debug|Any CPU.ActiveCfg = 2021Debug|Any CPU
		{B1605E44-00D5-4038-B6EF-3311ACDB957C}.2021Debug|Any CPU.Build.0 = 2021Debug|Any CPU
		{B1605E44-00D5-4038-B6EF-3311ACDB957C}.2021Release|Any CPU.ActiveCfg = 2021Release|Any CPU
		{B1605E44-00D5-4038-B6EF-3311ACDB957C}.2021Release|Any CPU.Build.0 = 2021Release|Any CPU
		{B1605E44-00D5-4038-B6EF-3311ACDB957C}.2022Debug|Any CPU.ActiveCfg = 2022Debug|Any CPU
		{B1605E44-00D5-4038-B6EF-3311ACDB957C}.2022Debug|Any CPU.Build.0 = 2022Debug|Any CPU
		{B1605E44-00D5-4038-B6EF-3311ACDB957C}.2022Release|Any CPU.ActiveCfg = 2022Release|Any CPU
		{B1605E44-00D5-4038-B6EF-3311ACDB957C}.2022Release|Any CPU.Build.0 = 2022Release|Any CPU
		{B1605E44-00D5-4038-B6EF-3311ACDB957C}.2023Debug|Any CPU.ActiveCfg = 2023Debug|Any CPU
		{B1605E44-00D5-4038-B6EF-3311ACDB957C}.2023Debug|Any CPU.Build.0 = 2023Debug|Any CPU
		{B1605E44-00D5-4038-B6EF-3311ACDB957C}.2023Release|Any CPU.ActiveCfg = 2023Release|Any CPU
		{B1605E44-00D5-4038-B6EF-3311ACDB957C}.2023Release|Any CPU.Build.0 = 2023Release|Any CPU
		{B1605E44-00D5-4038-B6EF-3311ACDB957C}.2024Debug|Any CPU.ActiveCfg = 2024Debug|Any CPU
		{B1605E44-00D5-4038-B6EF-3311ACDB957C}.2024Debug|Any CPU.Build.0 = 2024Debug|Any CPU
		{B1605E44-00D5-4038-B6EF-3311ACDB957C}.2024Release|Any CPU.ActiveCfg = 2024Release|Any CPU
		{B1605E44-00D5-4038-B6EF-3311ACDB957C}.2024Release|Any CPU.Build.0 = 2024Release|Any CPU
	EndGlobalSection
	GlobalSection(SolutionProperties) = preSolution
		HideSolutionNode = FALSE
	EndGlobalSection
	GlobalSection(ExtensibilityGlobals) = postSolution
		SolutionGuid = {D982F96E-E775-4A66-AE58-2EE7BA748A6E}
	EndGlobalSection
EndGlobal
